
Microsoft Visual Studio Solution File, Format Version 12.00
# Visual Studio Version 16
VisualStudioVersion = 16.0.29102.190
MinimumVisualStudioVersion = 10.0.40219.1
Project("{FAE04EC0-301F-11D3-BF4B-00C04F79EFBC}") = "SDGDAL", "SDGDAL\SDGDAL.csproj", "{4FB39A63-82F2-478D-9160-D99F3258CB6B}"
EndProject
Project("{FAE04EC0-301F-11D3-BF4B-00C04F79EFBC}") = "SDGAdmin", "SDGAdmin\SDGAdmin.csproj", "{B9904DDB-6D12-4D5F-AA8F-90103FB70E12}"
EndProject
Project("{FAE04EC0-301F-11D3-BF4B-00C04F79EFBC}") = "SDGUtil", "SGDUtil\SDGUtil.csproj", "{1A526A27-B799-4629-96D4-6508BE72B371}"
EndProject
Project("{FAE04EC0-301F-11D3-BF4B-00C04F79EFBC}") = "RamblerLayer1", "RamblerLayer1\RamblerLayer1.csproj", "{9AB72B11-7617-4D69-B037-52862833A4E6}"
EndProject
Project("{FAE04EC0-301F-11D3-BF4B-00C04F79EFBC}") = "GatewayProcessor", "GatewayProcessor\GatewayProcessor.csproj", "{AEB343CB-3DA2-4F79-BAC0-5FA5ED481110}"
EndProject
Project("{FAE04EC0-301F-11D3-BF4B-00C04F79EFBC}") = "SDGWebService", "SDGWebService\SDGWebService.csproj", "{2EAF6DA3-757D-4D0D-A8A7-DEC3C649E859}"
EndProject
Project("{FAE04EC0-301F-11D3-BF4B-00C04F79EFBC}") = "WisepadLayer", "WisepadLayer\WisepadLayer.csproj", "{D617B4AF-72BF-48EB-9AE7-E36565462062}"
EndProject
Project("{FAE04EC0-301F-11D3-BF4B-00C04F79EFBC}") = "SendActivation", "SendActivation\SendActivation.csproj", "{5386D6E5-E560-4230-AEE7-30DD250BED77}"
EndProject
Project("{FAE04EC0-301F-11D3-BF4B-00C04F79EFBC}") = "CTPayment", "CTPayment\CTPayment.csproj", "{F4713FFF-3752-43C4-B23C-684EB34BDA4C}"
EndProject
Project("{FAE04EC0-301F-11D3-BF4B-00C04F79EFBC}") = "SDGBackOffice", "SDGBackOffice\SDGBackOffice.csproj", "{DC69FEE9-19B7-4CC0-BE40-9859C4C87C12}"
EndProject
Project("{FAE04EC0-301F-11D3-BF4B-00C04F79EFBC}") = "DSPREADQPosLayer", "DSPREADQPosLayer\DSPREADQPosLayer.csproj", "{89F98EAF-F9C2-4647-BA54-C038908BA783}"
EndProject
Global
	GlobalSection(SolutionConfigurationPlatforms) = preSolution
		Debug|Any CPU = Debug|Any CPU
		Debug|x86 = Debug|x86
		Release|Any CPU = Release|Any CPU
		Release|x86 = Release|x86
	EndGlobalSection
	GlobalSection(ProjectConfigurationPlatforms) = postSolution
		{4FB39A63-82F2-478D-9160-D99F3258CB6B}.Debug|Any CPU.ActiveCfg = Debug|Any CPU
		{4FB39A63-82F2-478D-9160-D99F3258CB6B}.Debug|Any CPU.Build.0 = Debug|Any CPU
		{4FB39A63-82F2-478D-9160-D99F3258CB6B}.Debug|x86.ActiveCfg = Debug|Any CPU
		{4FB39A63-82F2-478D-9160-D99F3258CB6B}.Release|Any CPU.ActiveCfg = Release|Any CPU
		{4FB39A63-82F2-478D-9160-D99F3258CB6B}.Release|Any CPU.Build.0 = Release|Any CPU
		{4FB39A63-82F2-478D-9160-D99F3258CB6B}.Release|x86.ActiveCfg = Release|Any CPU
		{B9904DDB-6D12-4D5F-AA8F-90103FB70E12}.Debug|Any CPU.ActiveCfg = Debug|Any CPU
		{B9904DDB-6D12-4D5F-AA8F-90103FB70E12}.Debug|Any CPU.Build.0 = Debug|Any CPU
		{B9904DDB-6D12-4D5F-AA8F-90103FB70E12}.Debug|x86.ActiveCfg = Debug|Any CPU
		{B9904DDB-6D12-4D5F-AA8F-90103FB70E12}.Release|Any CPU.ActiveCfg = Release|Any CPU
		{B9904DDB-6D12-4D5F-AA8F-90103FB70E12}.Release|Any CPU.Build.0 = Release|Any CPU
		{B9904DDB-6D12-4D5F-AA8F-90103FB70E12}.Release|x86.ActiveCfg = Release|Any CPU
		{1A526A27-B799-4629-96D4-6508BE72B371}.Debug|Any CPU.ActiveCfg = Debug|Any CPU
		{1A526A27-B799-4629-96D4-6508BE72B371}.Debug|Any CPU.Build.0 = Debug|Any CPU
		{1A526A27-B799-4629-96D4-6508BE72B371}.Debug|x86.ActiveCfg = Debug|Any CPU
		{1A526A27-B799-4629-96D4-6508BE72B371}.Release|Any CPU.ActiveCfg = Release|Any CPU
		{1A526A27-B799-4629-96D4-6508BE72B371}.Release|Any CPU.Build.0 = Release|Any CPU
		{1A526A27-B799-4629-96D4-6508BE72B371}.Release|x86.ActiveCfg = Release|Any CPU
		{9AB72B11-7617-4D69-B037-52862833A4E6}.Debug|Any CPU.ActiveCfg = Debug|Any CPU
		{9AB72B11-7617-4D69-B037-52862833A4E6}.Debug|Any CPU.Build.0 = Debug|Any CPU
		{9AB72B11-7617-4D69-B037-52862833A4E6}.Debug|x86.ActiveCfg = Debug|x86
		{9AB72B11-7617-4D69-B037-52862833A4E6}.Debug|x86.Build.0 = Debug|x86
		{9AB72B11-7617-4D69-B037-52862833A4E6}.Release|Any CPU.ActiveCfg = Release|Any CPU
		{9AB72B11-7617-4D69-B037-52862833A4E6}.Release|Any CPU.Build.0 = Release|Any CPU
		{9AB72B11-7617-4D69-B037-52862833A4E6}.Release|x86.ActiveCfg = Release|x86
		{9AB72B11-7617-4D69-B037-52862833A4E6}.Release|x86.Build.0 = Release|x86
		{AEB343CB-3DA2-4F79-BAC0-5FA5ED481110}.Debug|Any CPU.ActiveCfg = Debug|Any CPU
		{AEB343CB-3DA2-4F79-BAC0-5FA5ED481110}.Debug|Any CPU.Build.0 = Debug|Any CPU
		{AEB343CB-3DA2-4F79-BAC0-5FA5ED481110}.Debug|x86.ActiveCfg = Debug|Any CPU
		{AEB343CB-3DA2-4F79-BAC0-5FA5ED481110}.Release|Any CPU.ActiveCfg = Release|Any CPU
		{AEB343CB-3DA2-4F79-BAC0-5FA5ED481110}.Release|Any CPU.Build.0 = Release|Any CPU
		{AEB343CB-3DA2-4F79-BAC0-5FA5ED481110}.Release|x86.ActiveCfg = Release|Any CPU
		{2EAF6DA3-757D-4D0D-A8A7-DEC3C649E859}.Debug|Any CPU.ActiveCfg = Debug|Any CPU
		{2EAF6DA3-757D-4D0D-A8A7-DEC3C649E859}.Debug|Any CPU.Build.0 = Debug|Any CPU
		{2EAF6DA3-757D-4D0D-A8A7-DEC3C649E859}.Debug|x86.ActiveCfg = Debug|Any CPU
		{2EAF6DA3-757D-4D0D-A8A7-DEC3C649E859}.Release|Any CPU.ActiveCfg = Release|Any CPU
		{2EAF6DA3-757D-4D0D-A8A7-DEC3C649E859}.Release|Any CPU.Build.0 = Release|Any CPU
		{2EAF6DA3-757D-4D0D-A8A7-DEC3C649E859}.Release|x86.ActiveCfg = Release|Any CPU
		{D617B4AF-72BF-48EB-9AE7-E36565462062}.Debug|Any CPU.ActiveCfg = Debug|Any CPU
		{D617B4AF-72BF-48EB-9AE7-E36565462062}.Debug|Any CPU.Build.0 = Debug|Any CPU
		{D617B4AF-72BF-48EB-9AE7-E36565462062}.Debug|x86.ActiveCfg = Debug|Any CPU
		{D617B4AF-72BF-48EB-9AE7-E36565462062}.Release|Any CPU.ActiveCfg = Release|Any CPU
		{D617B4AF-72BF-48EB-9AE7-E36565462062}.Release|Any CPU.Build.0 = Release|Any CPU
		{D617B4AF-72BF-48EB-9AE7-E36565462062}.Release|x86.ActiveCfg = Release|Any CPU
		{5386D6E5-E560-4230-AEE7-30DD250BED77}.Debug|Any CPU.ActiveCfg = Debug|Any CPU
		{5386D6E5-E560-4230-AEE7-30DD250BED77}.Debug|Any CPU.Build.0 = Debug|Any CPU
		{5386D6E5-E560-4230-AEE7-30DD250BED77}.Debug|x86.ActiveCfg = Debug|Any CPU
		{5386D6E5-E560-4230-AEE7-30DD250BED77}.Release|Any CPU.ActiveCfg = Release|Any CPU
		{5386D6E5-E560-4230-AEE7-30DD250BED77}.Release|Any CPU.Build.0 = Release|Any CPU
		{5386D6E5-E560-4230-AEE7-30DD250BED77}.Release|x86.ActiveCfg = Release|Any CPU
		{F4713FFF-3752-43C4-B23C-684EB34BDA4C}.Debug|Any CPU.ActiveCfg = Debug|Any CPU
		{F4713FFF-3752-43C4-B23C-684EB34BDA4C}.Debug|Any CPU.Build.0 = Debug|Any CPU
		{F4713FFF-3752-43C4-B23C-684EB34BDA4C}.Debug|x86.ActiveCfg = Debug|Any CPU
		{F4713FFF-3752-43C4-B23C-684EB34BDA4C}.Debug|x86.Build.0 = Debug|Any CPU
		{F4713FFF-3752-43C4-B23C-684EB34BDA4C}.Release|Any CPU.ActiveCfg = Release|Any CPU
		{F4713FFF-3752-43C4-B23C-684EB34BDA4C}.Release|Any CPU.Build.0 = Release|Any CPU
		{F4713FFF-3752-43C4-B23C-684EB34BDA4C}.Release|x86.ActiveCfg = Release|Any CPU
		{F4713FFF-3752-43C4-B23C-684EB34BDA4C}.Release|x86.Build.0 = Release|Any CPU
		{DC69FEE9-19B7-4CC0-BE40-9859C4C87C12}.Debug|Any CPU.ActiveCfg = Debug|Any CPU
		{DC69FEE9-19B7-4CC0-BE40-9859C4C87C12}.Debug|Any CPU.Build.0 = Debug|Any CPU
		{DC69FEE9-19B7-4CC0-BE40-9859C4C87C12}.Debug|x86.ActiveCfg = Debug|Any CPU
		{DC69FEE9-19B7-4CC0-BE40-9859C4C87C12}.Debug|x86.Build.0 = Debug|Any CPU
		{DC69FEE9-19B7-4CC0-BE40-9859C4C87C12}.Release|Any CPU.ActiveCfg = Release|Any CPU
		{DC69FEE9-19B7-4CC0-BE40-9859C4C87C12}.Release|Any CPU.Build.0 = Release|Any CPU
		{DC69FEE9-19B7-4CC0-BE40-9859C4C87C12}.Release|x86.ActiveCfg = Release|Any CPU
		{DC69FEE9-19B7-4CC0-BE40-9859C4C87C12}.Release|x86.Build.0 = Release|Any CPU
		{89F98EAF-F9C2-4647-BA54-C038908BA783}.Debug|Any CPU.ActiveCfg = Debug|Any CPU
		{89F98EAF-F9C2-4647-BA54-C038908BA783}.Debug|Any CPU.Build.0 = Debug|Any CPU
		{89F98EAF-F9C2-4647-BA54-C038908BA783}.Debug|x86.ActiveCfg = Debug|Any CPU
		{89F98EAF-F9C2-4647-BA54-C038908BA783}.Debug|x86.Build.0 = Debug|Any CPU
		{89F98EAF-F9C2-4647-BA54-C038908BA783}.Release|Any CPU.ActiveCfg = Release|Any CPU
		{89F98EAF-F9C2-4647-BA54-C038908BA783}.Release|Any CPU.Build.0 = Release|Any CPU
		{89F98EAF-F9C2-4647-BA54-C038908BA783}.Release|x86.ActiveCfg = Release|Any CPU
		{89F98EAF-F9C2-4647-BA54-C038908BA783}.Release|x86.Build.0 = Release|Any CPU
	EndGlobalSection
	GlobalSection(SolutionProperties) = preSolution
		HideSolutionNode = FALSE
	EndGlobalSection
	GlobalSection(ExtensibilityGlobals) = postSolution
		SolutionGuid = {4FE37EF6-76C5-4D68-9CAF-2742DC467117}
	EndGlobalSection
EndGlobal
